
Microsoft Visual Studio Solution File, Format Version 12.00
# Visual Studio Version 17
VisualStudioVersion = 17.3.32825.248
MinimumVisualStudioVersion = 10.0.40219.1
Project("{FAE04EC0-301F-11D3-BF4B-00C04F79EFBC}") = "CafeBoston.UI", "CafeBoston.UI\CafeBoston.UI.csproj", "{BAFE5C52-0E6E-4264-BF22-90A61179E304}"
EndProject
Project("{FAE04EC0-301F-11D3-BF4B-00C04F79EFBC}") = "CafeBoston.DATA", "CafeBoston.DATA\CafeBoston.DATA.csproj", "{013BE7FD-2FC1-4DB8-86D5-BE8C476521DB}"
EndProject
Project("{2150E333-8FDC-42A3-9474-1A3956D46DE8}") = "Solution Items", "Solution Items", "{33F1D156-0693-4D0E-B89A-AD576F85D1B9}"
	ProjectSection(SolutionItems) = preProject
		README.md = README.md
	EndProjectSection
EndProject
Global
	GlobalSection(SolutionConfigurationPlatforms) = preSolution
		Debug|Any CPU = Debug|Any CPU
		Release|Any CPU = Release|Any CPU
	EndGlobalSection
	GlobalSection(ProjectConfigurationPlatforms) = postSolution
		{BAFE5C52-0E6E-4264-BF22-90A61179E304}.Debug|Any CPU.ActiveCfg = Debug|Any CPU
		{BAFE5C52-0E6E-4264-BF22-90A61179E304}.Debug|Any CPU.Build.0 = Debug|Any CPU
		{BAFE5C52-0E6E-4264-BF22-90A61179E304}.Release|Any CPU.ActiveCfg = Release|Any CPU
		{BAFE5C52-0E6E-4264-BF22-90A61179E304}.Release|Any CPU.Build.0 = Release|Any CPU
		{013BE7FD-2FC1-4DB8-86D5-BE8C476521DB}.Debug|Any CPU.ActiveCfg = Debug|Any CPU
		{013BE7FD-2FC1-4DB8-86D5-BE8C476521DB}.Debug|Any CPU.Build.0 = Debug|Any CPU
		{013BE7FD-2FC1-4DB8-86D5-BE8C476521DB}.Release|Any CPU.ActiveCfg = Release|Any CPU
		{013BE7FD-2FC1-4DB8-86D5-BE8C476521DB}.Release|Any CPU.Build.0 = Release|Any CPU
	EndGlobalSection
	GlobalSection(SolutionProperties) = preSolution
		HideSolutionNode = FALSE
	EndGlobalSection
	GlobalSection(ExtensibilityGlobals) = postSolution
		SolutionGuid = {F8215EE1-BA6B-4DCD-BF23-BDF91B5357D2}
	EndGlobalSection
EndGlobal
